
Microsoft Visual Studio Solution File, Format Version 12.00
# Visual Studio Version 16
VisualStudioVersion = 16.0.29020.237
MinimumVisualStudioVersion = 10.0.40219.1
Project("{FAE04EC0-301F-11D3-BF4B-00C04F79EFBC}") = "SistemaSeguros", "SistemaSeguros\SistemaSeguros.csproj", "{3144B89B-E6D9-49FF-913B-7E4319C2B418}"
EndProject
Project("{FAE04EC0-301F-11D3-BF4B-00C04F79EFBC}") = "SistemaSeguros.Tests", "SistemaSeguros.Tests\SistemaSeguros.Tests.csproj", "{F63BD9C0-AD9A-46C6-BC42-708946A0A7B4}"
EndProject
Project("{00D1A9C2-B5F0-4AF3-8072-F6C62B433612}") = "SistemaSegurosDB", "SistemaSegurosDB\SistemaSegurosDB.sqlproj", "{57EC27F7-2228-4D2C-BC44-34D1098C4B0C}"
EndProject
Global
	GlobalSection(SolutionConfigurationPlatforms) = preSolution
		Debug|Any CPU = Debug|Any CPU
		Release|Any CPU = Release|Any CPU
	EndGlobalSection
	GlobalSection(ProjectConfigurationPlatforms) = postSolution
		{3144B89B-E6D9-49FF-913B-7E4319C2B418}.Debug|Any CPU.ActiveCfg = Debug|Any CPU
		{3144B89B-E6D9-49FF-913B-7E4319C2B418}.Debug|Any CPU.Build.0 = Debug|Any CPU
		{3144B89B-E6D9-49FF-913B-7E4319C2B418}.Release|Any CPU.ActiveCfg = Release|Any CPU
		{3144B89B-E6D9-49FF-913B-7E4319C2B418}.Release|Any CPU.Build.0 = Release|Any CPU
		{F63BD9C0-AD9A-46C6-BC42-708946A0A7B4}.Debug|Any CPU.ActiveCfg = Debug|Any CPU
		{F63BD9C0-AD9A-46C6-BC42-708946A0A7B4}.Debug|Any CPU.Build.0 = Debug|Any CPU
		{F63BD9C0-AD9A-46C6-BC42-708946A0A7B4}.Release|Any CPU.ActiveCfg = Release|Any CPU
		{F63BD9C0-AD9A-46C6-BC42-708946A0A7B4}.Release|Any CPU.Build.0 = Release|Any CPU
		{57EC27F7-2228-4D2C-BC44-34D1098C4B0C}.Debug|Any CPU.ActiveCfg = Debug|Any CPU
		{57EC27F7-2228-4D2C-BC44-34D1098C4B0C}.Debug|Any CPU.Build.0 = Debug|Any CPU
		{57EC27F7-2228-4D2C-BC44-34D1098C4B0C}.Debug|Any CPU.Deploy.0 = Debug|Any CPU
		{57EC27F7-2228-4D2C-BC44-34D1098C4B0C}.Release|Any CPU.ActiveCfg = Release|Any CPU
		{57EC27F7-2228-4D2C-BC44-34D1098C4B0C}.Release|Any CPU.Build.0 = Release|Any CPU
		{57EC27F7-2228-4D2C-BC44-34D1098C4B0C}.Release|Any CPU.Deploy.0 = Release|Any CPU
	EndGlobalSection
	GlobalSection(SolutionProperties) = preSolution
		HideSolutionNode = FALSE
	EndGlobalSection
	GlobalSection(ExtensibilityGlobals) = postSolution
		SolutionGuid = {B203A67D-430A-4533-8031-63E5BA85D04C}
	EndGlobalSection
EndGlobal
